// !$*UTF8*$!
{
	archiveVersion = 1;
	classes = {
	};
	objectVersion = 50;
	objects = {

/* Begin PBXBuildFile section */
		0F51C29E21EDEF480035FACC /* MineTableViewCell.swift in Sources */ = {isa = PBXBuildFile; fileRef = 0F51C29C21EDEF480035FACC /* MineTableViewCell.swift */; };
		0F51C29F21EDEF480035FACC /* MineTableViewCell.xib in Resources */ = {isa = PBXBuildFile; fileRef = 0F51C29D21EDEF480035FACC /* MineTableViewCell.xib */; };
		197ADF0721EC902900468EAA /* AppDelegate.swift in Sources */ = {isa = PBXBuildFile; fileRef = 197ADF0621EC902900468EAA /* AppDelegate.swift */; };
		197ADF0921EC902900468EAA /* CalendarViewController.swift in Sources */ = {isa = PBXBuildFile; fileRef = 197ADF0821EC902900468EAA /* CalendarViewController.swift */; };
		197ADF0C21EC902900468EAA /* Main.storyboard in Resources */ = {isa = PBXBuildFile; fileRef = 197ADF0A21EC902900468EAA /* Main.storyboard */; };
		197ADF0E21EC902B00468EAA /* Assets.xcassets in Resources */ = {isa = PBXBuildFile; fileRef = 197ADF0D21EC902B00468EAA /* Assets.xcassets */; };
		197ADF1121EC902B00468EAA /* LaunchScreen.storyboard in Resources */ = {isa = PBXBuildFile; fileRef = 197ADF0F21EC902B00468EAA /* LaunchScreen.storyboard */; };
		197ADF1D21ECDBB800468EAA /* NavigationViewController.swift in Sources */ = {isa = PBXBuildFile; fileRef = 197ADF1C21ECDBB800468EAA /* NavigationViewController.swift */; };
		197ADF1F21ECEC5B00468EAA /* DiscoverViewController.swift in Sources */ = {isa = PBXBuildFile; fileRef = 197ADF1E21ECEC5B00468EAA /* DiscoverViewController.swift */; };
		5B6E13FAD5D695BF78192EE0 /* Pods_Final_DaysMatter.framework in Frameworks */ = {isa = PBXBuildFile; fileRef = 7D06B2DA2013C8F886652551 /* Pods_Final_DaysMatter.framework */; };
/* End PBXBuildFile section */

/* Begin PBXFileReference section */
		0F202C4F21EDAEE100D7B07B /* Final_DaysMatter-Bridging-Header.h */ = {isa = PBXFileReference; lastKnownFileType = sourcecode.c.h; path = "Final_DaysMatter-Bridging-Header.h"; sourceTree = "<group>"; };
		0F51C29C21EDEF480035FACC /* MineTableViewCell.swift */ = {isa = PBXFileReference; lastKnownFileType = sourcecode.swift; path = MineTableViewCell.swift; sourceTree = "<group>"; };
		0F51C29D21EDEF480035FACC /* MineTableViewCell.xib */ = {isa = PBXFileReference; lastKnownFileType = file.xib; path = MineTableViewCell.xib; sourceTree = "<group>"; };
		197ADF0321EC902900468EAA /* Final_DaysMatter.app */ = {isa = PBXFileReference; explicitFileType = wrapper.application; includeInIndex = 0; path = Final_DaysMatter.app; sourceTree = BUILT_PRODUCTS_DIR; };
		197ADF0621EC902900468EAA /* AppDelegate.swift */ = {isa = PBXFileReference; lastKnownFileType = sourcecode.swift; path = AppDelegate.swift; sourceTree = "<group>"; };
		197ADF0821EC902900468EAA /* CalendarViewController.swift */ = {isa = PBXFileReference; lastKnownFileType = sourcecode.swift; path = CalendarViewController.swift; sourceTree = "<group>"; };
		197ADF0B21EC902900468EAA /* Base */ = {isa = PBXFileReference; lastKnownFileType = file.storyboard; name = Base; path = Base.lproj/Main.storyboard; sourceTree = "<group>"; };
		197ADF0D21EC902B00468EAA /* Assets.xcassets */ = {isa = PBXFileReference; lastKnownFileType = folder.assetcatalog; path = Assets.xcassets; sourceTree = "<group>"; };
		197ADF1021EC902B00468EAA /* Base */ = {isa = PBXFileReference; lastKnownFileType = file.storyboard; name = Base; path = Base.lproj/LaunchScreen.storyboard; sourceTree = "<group>"; };
		197ADF1221EC902B00468EAA /* Info.plist */ = {isa = PBXFileReference; lastKnownFileType = text.plist.xml; path = Info.plist; sourceTree = "<group>"; };
		197ADF1C21ECDBB800468EAA /* NavigationViewController.swift */ = {isa = PBXFileReference; lastKnownFileType = sourcecode.swift; path = NavigationViewController.swift; sourceTree = "<group>"; };
		197ADF1E21ECEC5B00468EAA /* DiscoverViewController.swift */ = {isa = PBXFileReference; lastKnownFileType = sourcecode.swift; path = DiscoverViewController.swift; sourceTree = "<group>"; };
		7D06B2DA2013C8F886652551 /* Pods_Final_DaysMatter.framework */ = {isa = PBXFileReference; explicitFileType = wrapper.framework; includeInIndex = 0; path = Pods_Final_DaysMatter.framework; sourceTree = BUILT_PRODUCTS_DIR; };
		C927461CD3BF05C448BE722B /* Pods-Final_DaysMatter.debug.xcconfig */ = {isa = PBXFileReference; includeInIndex = 1; lastKnownFileType = text.xcconfig; name = "Pods-Final_DaysMatter.debug.xcconfig"; path = "Pods/Target Support Files/Pods-Final_DaysMatter/Pods-Final_DaysMatter.debug.xcconfig"; sourceTree = "<group>"; };
		DD99EAA41FDBD497EE88EBCA /* Pods-Final_DaysMatter.release.xcconfig */ = {isa = PBXFileReference; includeInIndex = 1; lastKnownFileType = text.xcconfig; name = "Pods-Final_DaysMatter.release.xcconfig"; path = "Pods/Target Support Files/Pods-Final_DaysMatter/Pods-Final_DaysMatter.release.xcconfig"; sourceTree = "<group>"; };
/* End PBXFileReference section */

/* Begin PBXFrameworksBuildPhase section */
		197ADF0021EC902900468EAA /* Frameworks */ = {
			isa = PBXFrameworksBuildPhase;
			buildActionMask = 2147483647;
			files = (
				5B6E13FAD5D695BF78192EE0 /* Pods_Final_DaysMatter.framework in Frameworks */,
			);
			runOnlyForDeploymentPostprocessing = 0;
		};
/* End PBXFrameworksBuildPhase section */

/* Begin PBXGroup section */
		0F51C29B21EDEDF70035FACC /* UI */ = {
			isa = PBXGroup;
			children = (
				0F51C29C21EDEF480035FACC /* MineTableViewCell.swift */,
				0F51C29D21EDEF480035FACC /* MineTableViewCell.xib */,
			);
			path = UI;
			sourceTree = "<group>";
		};
		197ADEFA21EC902900468EAA = {
			isa = PBXGroup;
			children = (
				0F51C29B21EDEDF70035FACC /* UI */,
				197ADF0521EC902900468EAA /* Final_DaysMatter */,
				197ADF0421EC902900468EAA /* Products */,
				2F8C9F13BB542FC66191148C /* Pods */,
				6B3D422F8340A9C94D2CBE55 /* Frameworks */,
			);
			sourceTree = "<group>";
		};
		197ADF0421EC902900468EAA /* Products */ = {
			isa = PBXGroup;
			children = (
				197ADF0321EC902900468EAA /* Final_DaysMatter.app */,
			);
			name = Products;
			sourceTree = "<group>";
		};
		197ADF0521EC902900468EAA /* Final_DaysMatter */ = {
			isa = PBXGroup;
			children = (
				197ADF0621EC902900468EAA /* AppDelegate.swift */,
				197ADF0821EC902900468EAA /* CalendarViewController.swift */,
				197ADF0A21EC902900468EAA /* Main.storyboard */,
				197ADF1E21ECEC5B00468EAA /* DiscoverViewController.swift */,
				197ADF1C21ECDBB800468EAA /* NavigationViewController.swift */,
				197ADF0D21EC902B00468EAA /* Assets.xcassets */,
				197ADF0F21EC902B00468EAA /* LaunchScreen.storyboard */,
				197ADF1221EC902B00468EAA /* Info.plist */,
				0F202C4F21EDAEE100D7B07B /* Final_DaysMatter-Bridging-Header.h */,
			);
			path = Final_DaysMatter;
			sourceTree = "<group>";
		};
		2F8C9F13BB542FC66191148C /* Pods */ = {
			isa = PBXGroup;
			children = (
				C927461CD3BF05C448BE722B /* Pods-Final_DaysMatter.debug.xcconfig */,
				DD99EAA41FDBD497EE88EBCA /* Pods-Final_DaysMatter.release.xcconfig */,
			);
			name = Pods;
			sourceTree = "<group>";
		};
		6B3D422F8340A9C94D2CBE55 /* Frameworks */ = {
			isa = PBXGroup;
			children = (
				7D06B2DA2013C8F886652551 /* Pods_Final_DaysMatter.framework */,
			);
			name = Frameworks;
			sourceTree = "<group>";
		};
/* End PBXGroup section */

/* Begin PBXNativeTarget section */
		197ADF0221EC902900468EAA /* Final_DaysMatter */ = {
			isa = PBXNativeTarget;
			buildConfigurationList = 197ADF1521EC902B00468EAA /* Build configuration list for PBXNativeTarget "Final_DaysMatter" */;
			buildPhases = (
				3C80178CED27F1D31E43EC90 /* [CP] Check Pods Manifest.lock */,
				197ADEFF21EC902900468EAA /* Sources */,
				197ADF0021EC902900468EAA /* Frameworks */,
				197ADF0121EC902900468EAA /* Resources */,
				F29463E3F437EC438C64083B /* [CP] Embed Pods Frameworks */,
			);
			buildRules = (
			);
			dependencies = (
			);
			name = Final_DaysMatter;
			productName = Final_DaysMatter;
			productReference = 197ADF0321EC902900468EAA /* Final_DaysMatter.app */;
			productType = "com.apple.product-type.application";
		};
/* End PBXNativeTarget section */

/* Begin PBXProject section */
		197ADEFB21EC902900468EAA /* Project object */ = {
			isa = PBXProject;
			attributes = {
				LastSwiftUpdateCheck = 1010;
				LastUpgradeCheck = 1010;
				ORGANIZATIONNAME = "Alexa Wang";
				TargetAttributes = {
					197ADF0221EC902900468EAA = {
						CreatedOnToolsVersion = 10.1;
						LastSwiftMigration = 1010;
					};
				};
			};
			buildConfigurationList = 197ADEFE21EC902900468EAA /* Build configuration list for PBXProject "Final_DaysMatter" */;
			compatibilityVersion = "Xcode 9.3";
			developmentRegion = en;
			hasScannedForEncodings = 0;
			knownRegions = (
				en,
				Base,
			);
			mainGroup = 197ADEFA21EC902900468EAA;
			productRefGroup = 197ADF0421EC902900468EAA /* Products */;
			projectDirPath = "";
			projectRoot = "";
			targets = (
				197ADF0221EC902900468EAA /* Final_DaysMatter */,
			);
		};
/* End PBXProject section */

/* Begin PBXResourcesBuildPhase section */
		197ADF0121EC902900468EAA /* Resources */ = {
			isa = PBXResourcesBuildPhase;
			buildActionMask = 2147483647;
			files = (
				197ADF1121EC902B00468EAA /* LaunchScreen.storyboard in Resources */,
				197ADF0E21EC902B00468EAA /* Assets.xcassets in Resources */,
				0F51C29F21EDEF480035FACC /* MineTableViewCell.xib in Resources */,
				197ADF0C21EC902900468EAA /* Main.storyboard in Resources */,
			);
			runOnlyForDeploymentPostprocessing = 0;
		};
/* End PBXResourcesBuildPhase section */

/* Begin PBXShellScriptBuildPhase section */
		3C80178CED27F1D31E43EC90 /* [CP] Check Pods Manifest.lock */ = {
			isa = PBXShellScriptBuildPhase;
			buildActionMask = 2147483647;
			files = (
			);
			inputFileListPaths = (
			);
			inputPaths = (
				"${PODS_PODFILE_DIR_PATH}/Podfile.lock",
				"${PODS_ROOT}/Manifest.lock",
			);
			name = "[CP] Check Pods Manifest.lock";
			outputFileListPaths = (
			);
			outputPaths = (
				"$(DERIVED_FILE_DIR)/Pods-Final_DaysMatter-checkManifestLockResult.txt",
			);
			runOnlyForDeploymentPostprocessing = 0;
			shellPath = /bin/sh;
			shellScript = "diff \"${PODS_PODFILE_DIR_PATH}/Podfile.lock\" \"${PODS_ROOT}/Manifest.lock\" > /dev/null\nif [ $? != 0 ] ; then\n    # print error to STDERR\n    echo \"error: The sandbox is not in sync with the Podfile.lock. Run 'pod install' or update your CocoaPods installation.\" >&2\n    exit 1\nfi\n# This output is used by Xcode 'outputs' to avoid re-running this script phase.\necho \"SUCCESS\" > \"${SCRIPT_OUTPUT_FILE_0}\"\n";
			showEnvVarsInLog = 0;
		};
		F29463E3F437EC438C64083B /* [CP] Embed Pods Frameworks */ = {
			isa = PBXShellScriptBuildPhase;
			buildActionMask = 2147483647;
			files = (
			);
			inputFileListPaths = (
			);
			inputPaths = (
				"${SRCROOT}/Pods/Target Support Files/Pods-Final_DaysMatter/Pods-Final_DaysMatter-frameworks.sh",
				"${BUILT_PRODUCTS_DIR}/FSCalendar/FSCalendar.framework",
			);
			name = "[CP] Embed Pods Frameworks";
			outputFileListPaths = (
			);
			outputPaths = (
				"${TARGET_BUILD_DIR}/${FRAMEWORKS_FOLDER_PATH}/FSCalendar.framework",
			);
			runOnlyForDeploymentPostprocessing = 0;
			shellPath = /bin/sh;
			shellScript = "\"${SRCROOT}/Pods/Target Support Files/Pods-Final_DaysMatter/Pods-Final_DaysMatter-frameworks.sh\"\n";
			showEnvVarsInLog = 0;
		};
/* End PBXShellScriptBuildPhase section */

/* Begin PBXSourcesBuildPhase section */
		197ADEFF21EC902900468EAA /* Sources */ = {
			isa = PBXSourcesBuildPhase;
			buildActionMask = 2147483647;
			files = (
				197ADF1D21ECDBB800468EAA /* NavigationViewController.swift in Sources */,
				197ADF1F21ECEC5B00468EAA /* DiscoverViewController.swift in Sources */,
				197ADF0921EC902900468EAA /* CalendarViewController.swift in Sources */,
				197ADF0721EC902900468EAA /* AppDelegate.swift in Sources */,
				0F51C29E21EDEF480035FACC /* MineTableViewCell.swift in Sources */,
			);
			runOnlyForDeploymentPostprocessing = 0;
		};
/* End PBXSourcesBuildPhase section */

/* Begin PBXVariantGroup section */
		197ADF0A21EC902900468EAA /* Main.storyboard */ = {
			isa = PBXVariantGroup;
			children = (
				197ADF0B21EC902900468EAA /* Base */,
			);
			name = Main.storyboard;
			sourceTree = "<group>";
		};
		197ADF0F21EC902B00468EAA /* LaunchScreen.storyboard */ = {
			isa = PBXVariantGroup;
			children = (
				197ADF1021EC902B00468EAA /* Base */,
			);
			name = LaunchScreen.storyboard;
			sourceTree = "<group>";
		};
/* End PBXVariantGroup section */

/* Begin XCBuildConfiguration section */
		197ADF1321EC902B00468EAA /* Debug */ = {
			isa = XCBuildConfiguration;
			buildSettings = {
				ALWAYS_SEARCH_USER_PATHS = NO;
				CLANG_ANALYZER_NONNULL = YES;
				CLANG_ANALYZER_NUMBER_OBJECT_CONVERSION = YES_AGGRESSIVE;
				CLANG_CXX_LANGUAGE_STANDARD = "gnu++14";
				CLANG_CXX_LIBRARY = "libc++";
				CLANG_ENABLE_MODULES = YES;
				CLANG_ENABLE_OBJC_ARC = YES;
				CLANG_ENABLE_OBJC_WEAK = YES;
				CLANG_WARN_BLOCK_CAPTURE_AUTORELEASING = YES;
				CLANG_WARN_BOOL_CONVERSION = YES;
				CLANG_WARN_COMMA = YES;
				CLANG_WARN_CONSTANT_CONVERSION = YES;
				CLANG_WARN_DEPRECATED_OBJC_IMPLEMENTATIONS = YES;
				CLANG_WARN_DIRECT_OBJC_ISA_USAGE = YES_ERROR;
				CLANG_WARN_DOCUMENTATION_COMMENTS = YES;
				CLANG_WARN_EMPTY_BODY = YES;
				CLANG_WARN_ENUM_CONVERSION = YES;
				CLANG_WARN_INFINITE_RECURSION = YES;
				CLANG_WARN_INT_CONVERSION = YES;
				CLANG_WARN_NON_LITERAL_NULL_CONVERSION = YES;
				CLANG_WARN_OBJC_IMPLICIT_RETAIN_SELF = YES;
				CLANG_WARN_OBJC_LITERAL_CONVERSION = YES;
				CLANG_WARN_OBJC_ROOT_CLASS = YES_ERROR;
				CLANG_WARN_RANGE_LOOP_ANALYSIS = YES;
				CLANG_WARN_STRICT_PROTOTYPES = YES;
				CLANG_WARN_SUSPICIOUS_MOVE = YES;
				CLANG_WARN_UNGUARDED_AVAILABILITY = YES_AGGRESSIVE;
				CLANG_WARN_UNREACHABLE_CODE = YES;
				CLANG_WARN__DUPLICATE_METHOD_MATCH = YES;
				CODE_SIGN_IDENTITY = "iPhone Developer";
				COPY_PHASE_STRIP = NO;
				DEBUG_INFORMATION_FORMAT = dwarf;
				ENABLE_STRICT_OBJC_MSGSEND = YES;
				ENABLE_TESTABILITY = YES;
				GCC_C_LANGUAGE_STANDARD = gnu11;
				GCC_DYNAMIC_NO_PIC = NO;
				GCC_NO_COMMON_BLOCKS = YES;
				GCC_OPTIMIZATION_LEVEL = 0;
				GCC_PREPROCESSOR_DEFINITIONS = (
					"DEBUG=1",
					"$(inherited)",
				);
				GCC_WARN_64_TO_32_BIT_CONVERSION = YES;
				GCC_WARN_ABOUT_RETURN_TYPE = YES_ERROR;
				GCC_WARN_UNDECLARED_SELECTOR = YES;
				GCC_WARN_UNINITIALIZED_AUTOS = YES_AGGRESSIVE;
				GCC_WARN_UNUSED_FUNCTION = YES;
				GCC_WARN_UNUSED_VARIABLE = YES;
				IPHONEOS_DEPLOYMENT_TARGET = 12.1;
				MTL_ENABLE_DEBUG_INFO = INCLUDE_SOURCE;
				MTL_FAST_MATH = YES;
				ONLY_ACTIVE_ARCH = YES;
				SDKROOT = iphoneos;
				SWIFT_ACTIVE_COMPILATION_CONDITIONS = DEBUG;
				SWIFT_OPTIMIZATION_LEVEL = "-Onone";
			};
			name = Debug;
		};
		197ADF1421EC902B00468EAA /* Release */ = {
			isa = XCBuildConfiguration;
			buildSettings = {
				ALWAYS_SEARCH_USER_PATHS = NO;
				CLANG_ANALYZER_NONNULL = YES;
				CLANG_ANALYZER_NUMBER_OBJECT_CONVERSION = YES_AGGRESSIVE;
				CLANG_CXX_LANGUAGE_STANDARD = "gnu++14";
				CLANG_CXX_LIBRARY = "libc++";
				CLANG_ENABLE_MODULES = YES;
				CLANG_ENABLE_OBJC_ARC = YES;
				CLANG_ENABLE_OBJC_WEAK = YES;
				CLANG_WARN_BLOCK_CAPTURE_AUTORELEASING = YES;
				CLANG_WARN_BOOL_CONVERSION = YES;
				CLANG_WARN_COMMA = YES;
				CLANG_WARN_CONSTANT_CONVERSION = YES;
				CLANG_WARN_DEPRECATED_OBJC_IMPLEMENTATIONS = YES;
				CLANG_WARN_DIRECT_OBJC_ISA_USAGE = YES_ERROR;
				CLANG_WARN_DOCUMENTATION_COMMENTS = YES;
				CLANG_WARN_EMPTY_BODY = YES;
				CLANG_WARN_ENUM_CONVERSION = YES;
				CLANG_WARN_INFINITE_RECURSION = YES;
				CLANG_WARN_INT_CONVERSION = YES;
				CLANG_WARN_NON_LITERAL_NULL_CONVERSION = YES;
				CLANG_WARN_OBJC_IMPLICIT_RETAIN_SELF = YES;
				CLANG_WARN_OBJC_LITERAL_CONVERSION = YES;
				CLANG_WARN_OBJC_ROOT_CLASS = YES_ERROR;
				CLANG_WARN_RANGE_LOOP_ANALYSIS = YES;
				CLANG_WARN_STRICT_PROTOTYPES = YES;
				CLANG_WARN_SUSPICIOUS_MOVE = YES;
				CLANG_WARN_UNGUARDED_AVAILABILITY = YES_AGGRESSIVE;
				CLANG_WARN_UNREACHABLE_CODE = YES;
				CLANG_WARN__DUPLICATE_METHOD_MATCH = YES;
				CODE_SIGN_IDENTITY = "iPhone Developer";
				COPY_PHASE_STRIP = NO;
				DEBUG_INFORMATION_FORMAT = "dwarf-with-dsym";
				ENABLE_NS_ASSERTIONS = NO;
				ENABLE_STRICT_OBJC_MSGSEND = YES;
				GCC_C_LANGUAGE_STANDARD = gnu11;
				GCC_NO_COMMON_BLOCKS = YES;
				GCC_WARN_64_TO_32_BIT_CONVERSION = YES;
				GCC_WARN_ABOUT_RETURN_TYPE = YES_ERROR;
				GCC_WARN_UNDECLARED_SELECTOR = YES;
				GCC_WARN_UNINITIALIZED_AUTOS = YES_AGGRESSIVE;
				GCC_WARN_UNUSED_FUNCTION = YES;
				GCC_WARN_UNUSED_VARIABLE = YES;
				IPHONEOS_DEPLOYMENT_TARGET = 12.1;
				MTL_ENABLE_DEBUG_INFO = NO;
				MTL_FAST_MATH = YES;
				SDKROOT = iphoneos;
				SWIFT_COMPILATION_MODE = wholemodule;
				SWIFT_OPTIMIZATION_LEVEL = "-O";
				VALIDATE_PRODUCT = YES;
			};
			name = Release;
		};
		197ADF1621EC902B00468EAA /* Debug */ = {
			isa = XCBuildConfiguration;
			baseConfigurationReference = C927461CD3BF05C448BE722B /* Pods-Final_DaysMatter.debug.xcconfig */;
			buildSettings = {
				ASSETCATALOG_COMPILER_APPICON_NAME = AppIcon;
				CLANG_ENABLE_MODULES = YES;
				CODE_SIGN_STYLE = Automatic;
				DEVELOPMENT_TEAM = 6M3JBX96Z9;
				INFOPLIST_FILE = Final_DaysMatter/Info.plist;
				LD_RUNPATH_SEARCH_PATHS = (
					"$(inherited)",
					"@executable_path/Frameworks",
				);
				OTHER_LDFLAGS = (
					"$(inherited)",
					"-framework",
					"\"FSCalendar\"",
					"-ObjC",
				);
				PRODUCT_BUNDLE_IDENTIFIER = "cuc.edu.201608213011.Final-DaysMatter";
				PRODUCT_NAME = "$(TARGET_NAME)";
				SWIFT_OBJC_BRIDGING_HEADER = "Final_DaysMatter/Final_DaysMatter-Bridging-Header.h";
				SWIFT_OPTIMIZATION_LEVEL = "-Onone";
				SWIFT_VERSION = 4.2;
				TARGETED_DEVICE_FAMILY = "1,2";
				USER_HEADER_SEARCH_PATHS = "${SRCROOT}/**";
			};
			name = Debug;
		};
		197ADF1721EC902B00468EAA /* Release */ = {
			isa = XCBuildConfiguration;
			baseConfigurationReference = DD99EAA41FDBD497EE88EBCA /* Pods-Final_DaysMatter.release.xcconfig */;
			buildSettings = {
				ASSETCATALOG_COMPILER_APPICON_NAME = AppIcon;
				CLANG_ENABLE_MODULES = YES;
				CODE_SIGN_STYLE = Automatic;
				DEVELOPMENT_TEAM = 6M3JBX96Z9;
				INFOPLIST_FILE = Final_DaysMatter/Info.plist;
				LD_RUNPATH_SEARCH_PATHS = (
					"$(inherited)",
					"@executable_path/Frameworks",
				);
				OTHER_LDFLAGS = (
					"$(inherited)",
					"-framework",
					"\"FSCalendar\"",
					"-ObjC",
				);
				PRODUCT_BUNDLE_IDENTIFIER = "cuc.edu.201608213011.Final-DaysMatter";
				PRODUCT_NAME = "$(TARGET_NAME)";
				SWIFT_OBJC_BRIDGING_HEADER = "Final_DaysMatter/Final_DaysMatter-Bridging-Header.h";
				SWIFT_VERSION = 4.2;
				TARGETED_DEVICE_FAMILY = "1,2";
				USER_HEADER_SEARCH_PATHS = "${SRCROOT}/**";
			};
			name = Release;
		};
/* End XCBuildConfiguration section */

/* Begin XCConfigurationList section */
		197ADEFE21EC902900468EAA /* Build configuration list for PBXProject "Final_DaysMatter" */ = {
			isa = XCConfigurationList;
			buildConfigurations = (
				197ADF1321EC902B00468EAA /* Debug */,
				197ADF1421EC902B00468EAA /* Release */,
			);
			defaultConfigurationIsVisible = 0;
			defaultConfigurationName = Release;
		};
		197ADF1521EC902B00468EAA /* Build configuration list for PBXNativeTarget "Final_DaysMatter" */ = {
			isa = XCConfigurationList;
			buildConfigurations = (
				197ADF1621EC902B00468EAA /* Debug */,
				197ADF1721EC902B00468EAA /* Release */,
			);
			defaultConfigurationIsVisible = 0;
			defaultConfigurationName = Release;
		};
/* End XCConfigurationList section */
	};
	rootObject = 197ADEFB21EC902900468EAA /* Project object */;
}
